// !$*UTF8*$!
{
	archiveVersion = 1;
	classes = {
	};
	objectVersion = 50;
	objects = {

/* Begin PBXBuildFile section */
		184DDCB7214CF6B00037E3DA /* AppDelegate.swift in Sources */ = {isa = PBXBuildFile; fileRef = 184DDCB6214CF6B00037E3DA /* AppDelegate.swift */; };
		184DDCB9214CF6B00037E3DA /* ViewController.swift in Sources */ = {isa = PBXBuildFile; fileRef = 184DDCB8214CF6B00037E3DA /* ViewController.swift */; };
		184DDCBC214CF6B00037E3DA /* Main.storyboard in Resources */ = {isa = PBXBuildFile; fileRef = 184DDCBA214CF6B00037E3DA /* Main.storyboard */; };
		184DDCBE214CF6B10037E3DA /* Assets.xcassets in Resources */ = {isa = PBXBuildFile; fileRef = 184DDCBD214CF6B10037E3DA /* Assets.xcassets */; };
		184DDCC1214CF6B10037E3DA /* LaunchScreen.storyboard in Resources */ = {isa = PBXBuildFile; fileRef = 184DDCBF214CF6B10037E3DA /* LaunchScreen.storyboard */; };
		3971AA658E4E3F09CC6B5236 /* Pods_UploadImage.framework in Frameworks */ = {isa = PBXBuildFile; fileRef = C86E76F2CBBFFB152498FF20 /* Pods_UploadImage.framework */; };
		E07770722154E346000ADBCB /* GoogleService-Info.plist in Resources */ = {isa = PBXBuildFile; fileRef = E07770712154E346000ADBCB /* GoogleService-Info.plist */; };
		E07770742154EF54000ADBCB /* ruoi_bird.png in Resources */ = {isa = PBXBuildFile; fileRef = E07770732154EF54000ADBCB /* ruoi_bird.png */; };
/* End PBXBuildFile section */

/* Begin PBXFileReference section */
		184DDCB3214CF6B00037E3DA /* UploadImage.app */ = {isa = PBXFileReference; explicitFileType = wrapper.application; includeInIndex = 0; path = UploadImage.app; sourceTree = BUILT_PRODUCTS_DIR; };
		184DDCB6214CF6B00037E3DA /* AppDelegate.swift */ = {isa = PBXFileReference; lastKnownFileType = sourcecode.swift; path = AppDelegate.swift; sourceTree = "<group>"; };
		184DDCB8214CF6B00037E3DA /* ViewController.swift */ = {isa = PBXFileReference; lastKnownFileType = sourcecode.swift; path = ViewController.swift; sourceTree = "<group>"; };
		184DDCBB214CF6B00037E3DA /* Base */ = {isa = PBXFileReference; lastKnownFileType = file.storyboard; name = Base; path = Base.lproj/Main.storyboard; sourceTree = "<group>"; };
		184DDCBD214CF6B10037E3DA /* Assets.xcassets */ = {isa = PBXFileReference; lastKnownFileType = folder.assetcatalog; path = Assets.xcassets; sourceTree = "<group>"; };
		184DDCC0214CF6B10037E3DA /* Base */ = {isa = PBXFileReference; lastKnownFileType = file.storyboard; name = Base; path = Base.lproj/LaunchScreen.storyboard; sourceTree = "<group>"; };
		184DDCC2214CF6B10037E3DA /* Info.plist */ = {isa = PBXFileReference; lastKnownFileType = text.plist.xml; path = Info.plist; sourceTree = "<group>"; };
		430D4C49B85224898121DA4B /* Pods-UploadImage.debug.xcconfig */ = {isa = PBXFileReference; includeInIndex = 1; lastKnownFileType = text.xcconfig; name = "Pods-UploadImage.debug.xcconfig"; path = "Pods/Target Support Files/Pods-UploadImage/Pods-UploadImage.debug.xcconfig"; sourceTree = "<group>"; };
		499680905FB26777E403D5AC /* Pods-UploadImage.release.xcconfig */ = {isa = PBXFileReference; includeInIndex = 1; lastKnownFileType = text.xcconfig; name = "Pods-UploadImage.release.xcconfig"; path = "Pods/Target Support Files/Pods-UploadImage/Pods-UploadImage.release.xcconfig"; sourceTree = "<group>"; };
		C86E76F2CBBFFB152498FF20 /* Pods_UploadImage.framework */ = {isa = PBXFileReference; explicitFileType = wrapper.framework; includeInIndex = 0; path = Pods_UploadImage.framework; sourceTree = BUILT_PRODUCTS_DIR; };
		E07770712154E346000ADBCB /* GoogleService-Info.plist */ = {isa = PBXFileReference; fileEncoding = 4; lastKnownFileType = text.plist.xml; path = "GoogleService-Info.plist"; sourceTree = "<group>"; };
		E07770732154EF54000ADBCB /* ruoi_bird.png */ = {isa = PBXFileReference; lastKnownFileType = image.png; path = ruoi_bird.png; sourceTree = "<group>"; };
/* End PBXFileReference section */

/* Begin PBXFrameworksBuildPhase section */
		184DDCB0214CF6B00037E3DA /* Frameworks */ = {
			isa = PBXFrameworksBuildPhase;
			buildActionMask = 2147483647;
			files = (
				3971AA658E4E3F09CC6B5236 /* Pods_UploadImage.framework in Frameworks */,
			);
			runOnlyForDeploymentPostprocessing = 0;
		};
/* End PBXFrameworksBuildPhase section */

/* Begin PBXGroup section */
		184DDCAA214CF6B00037E3DA = {
			isa = PBXGroup;
			children = (
				184DDCB5214CF6B00037E3DA /* UploadImage */,
				184DDCB4214CF6B00037E3DA /* Products */,
				6BB6F7886715B61FE1C3C883 /* Pods */,
				36810E90AD857E736DC833B9 /* Frameworks */,
			);
			sourceTree = "<group>";
		};
		184DDCB4214CF6B00037E3DA /* Products */ = {
			isa = PBXGroup;
			children = (
				184DDCB3214CF6B00037E3DA /* UploadImage.app */,
			);
			name = Products;
			sourceTree = "<group>";
		};
		184DDCB5214CF6B00037E3DA /* UploadImage */ = {
			isa = PBXGroup;
			children = (
				184DDCB6214CF6B00037E3DA /* AppDelegate.swift */,
				184DDCB8214CF6B00037E3DA /* ViewController.swift */,
				184DDCBA214CF6B00037E3DA /* Main.storyboard */,
				184DDCBD214CF6B10037E3DA /* Assets.xcassets */,
				184DDCBF214CF6B10037E3DA /* LaunchScreen.storyboard */,
				E07770732154EF54000ADBCB /* ruoi_bird.png */,
				184DDCC2214CF6B10037E3DA /* Info.plist */,
				E07770712154E346000ADBCB /* GoogleService-Info.plist */,
			);
			path = UploadImage;
			sourceTree = "<group>";
		};
		36810E90AD857E736DC833B9 /* Frameworks */ = {
			isa = PBXGroup;
			children = (
				C86E76F2CBBFFB152498FF20 /* Pods_UploadImage.framework */,
			);
			name = Frameworks;
			sourceTree = "<group>";
		};
		6BB6F7886715B61FE1C3C883 /* Pods */ = {
			isa = PBXGroup;
			children = (
				430D4C49B85224898121DA4B /* Pods-UploadImage.debug.xcconfig */,
				499680905FB26777E403D5AC /* Pods-UploadImage.release.xcconfig */,
			);
			name = Pods;
			sourceTree = "<group>";
		};
/* End PBXGroup section */

/* Begin PBXNativeTarget section */
		184DDCB2214CF6B00037E3DA /* UploadImage */ = {
			isa = PBXNativeTarget;
			buildConfigurationList = 184DDCC5214CF6B10037E3DA /* Build configuration list for PBXNativeTarget "UploadImage" */;
			buildPhases = (
				9E4AC3F0A1163C4FD1A7E001 /* [CP] Check Pods Manifest.lock */,
				184DDCAF214CF6B00037E3DA /* Sources */,
				184DDCB0214CF6B00037E3DA /* Frameworks */,
				184DDCB1214CF6B00037E3DA /* Resources */,
				4E8783D76501473C0812B561 /* [CP] Embed Pods Frameworks */,
			);
			buildRules = (
			);
			dependencies = (
			);
			name = UploadImage;
			productName = UploadImage;
			productReference = 184DDCB3214CF6B00037E3DA /* UploadImage.app */;
			productType = "com.apple.product-type.application";
		};
/* End PBXNativeTarget section */

/* Begin PBXProject section */
		184DDCAB214CF6B00037E3DA /* Project object */ = {
			isa = PBXProject;
			attributes = {
				LastSwiftUpdateCheck = 0940;
				LastUpgradeCheck = 0940;
				ORGANIZATIONNAME = Apple;
				TargetAttributes = {
					184DDCB2214CF6B00037E3DA = {
						CreatedOnToolsVersion = 9.4.1;
						LastSwiftMigration = 1000;
					};
				};
			};
			buildConfigurationList = 184DDCAE214CF6B00037E3DA /* Build configuration list for PBXProject "UploadImage" */;
			compatibilityVersion = "Xcode 9.3";
			developmentRegion = en;
			hasScannedForEncodings = 0;
			knownRegions = (
				en,
				Base,
			);
			mainGroup = 184DDCAA214CF6B00037E3DA;
			productRefGroup = 184DDCB4214CF6B00037E3DA /* Products */;
			projectDirPath = "";
			projectRoot = "";
			targets = (
				184DDCB2214CF6B00037E3DA /* UploadImage */,
			);
		};
/* End PBXProject section */

/* Begin PBXResourcesBuildPhase section */
		184DDCB1214CF6B00037E3DA /* Resources */ = {
			isa = PBXResourcesBuildPhase;
			buildActionMask = 2147483647;
			files = (
				184DDCC1214CF6B10037E3DA /* LaunchScreen.storyboard in Resources */,
				E07770722154E346000ADBCB /* GoogleService-Info.plist in Resources */,
				E07770742154EF54000ADBCB /* ruoi_bird.png in Resources */,
				184DDCBE214CF6B10037E3DA /* Assets.xcassets in Resources */,
				184DDCBC214CF6B00037E3DA /* Main.storyboard in Resources */,
			);
			runOnlyForDeploymentPostprocessing = 0;
		};
/* End PBXResourcesBuildPhase section */

/* Begin PBXShellScriptBuildPhase section */
		4E8783D76501473C0812B561 /* [CP] Embed Pods Frameworks */ = {
			isa = PBXShellScriptBuildPhase;
			buildActionMask = 2147483647;
			files = (
			);
			inputPaths = (
				"${SRCROOT}/Pods/Target Support Files/Pods-UploadImage/Pods-UploadImage-frameworks.sh",
				"${BUILT_PRODUCTS_DIR}/GTMSessionFetcher/GTMSessionFetcher.framework",
				"${BUILT_PRODUCTS_DIR}/GoogleToolboxForMac/GoogleToolboxForMac.framework",
				"${BUILT_PRODUCTS_DIR}/nanopb/nanopb.framework",
			);
			name = "[CP] Embed Pods Frameworks";
			outputPaths = (
				"${TARGET_BUILD_DIR}/${FRAMEWORKS_FOLDER_PATH}/GTMSessionFetcher.framework",
				"${TARGET_BUILD_DIR}/${FRAMEWORKS_FOLDER_PATH}/GoogleToolboxForMac.framework",
				"${TARGET_BUILD_DIR}/${FRAMEWORKS_FOLDER_PATH}/nanopb.framework",
			);
			runOnlyForDeploymentPostprocessing = 0;
			shellPath = /bin/sh;
			shellScript = "\"${SRCROOT}/Pods/Target Support Files/Pods-UploadImage/Pods-UploadImage-frameworks.sh\"\n";
			showEnvVarsInLog = 0;
		};
		9E4AC3F0A1163C4FD1A7E001 /* [CP] Check Pods Manifest.lock */ = {
			isa = PBXShellScriptBuildPhase;
			buildActionMask = 2147483647;
			files = (
			);
			inputPaths = (
				"${PODS_PODFILE_DIR_PATH}/Podfile.lock",
				"${PODS_ROOT}/Manifest.lock",
			);
			name = "[CP] Check Pods Manifest.lock";
			outputPaths = (
				"$(DERIVED_FILE_DIR)/Pods-UploadImage-checkManifestLockResult.txt",
			);
			runOnlyForDeploymentPostprocessing = 0;
			shellPath = /bin/sh;
			shellScript = "diff \"${PODS_PODFILE_DIR_PATH}/Podfile.lock\" \"${PODS_ROOT}/Manifest.lock\" > /dev/null\nif [ $? != 0 ] ; then\n    # print error to STDERR\n    echo \"error: The sandbox is not in sync with the Podfile.lock. Run 'pod install' or update your CocoaPods installation.\" >&2\n    exit 1\nfi\n# This output is used by Xcode 'outputs' to avoid re-running this script phase.\necho \"SUCCESS\" > \"${SCRIPT_OUTPUT_FILE_0}\"\n";
			showEnvVarsInLog = 0;
		};
/* End PBXShellScriptBuildPhase section */

/* Begin PBXSourcesBuildPhase section */
		184DDCAF214CF6B00037E3DA /* Sources */ = {
			isa = PBXSourcesBuildPhase;
			buildActionMask = 2147483647;
			files = (
				184DDCB9214CF6B00037E3DA /* ViewController.swift in Sources */,
				184DDCB7214CF6B00037E3DA /* AppDelegate.swift in Sources */,
			);
			runOnlyForDeploymentPostprocessing = 0;
		};
/* End PBXSourcesBuildPhase section */

/* Begin PBXVariantGroup section */
		184DDCBA214CF6B00037E3DA /* Main.storyboard */ = {
			isa = PBXVariantGroup;
			children = (
				184DDCBB214CF6B00037E3DA /* Base */,
			);
			name = Main.storyboard;
			sourceTree = "<group>";
		};
		184DDCBF214CF6B10037E3DA /* LaunchScreen.storyboard */ = {
			isa = PBXVariantGroup;
			children = (
				184DDCC0214CF6B10037E3DA /* Base */,
			);
			name = LaunchScreen.storyboard;
			sourceTree = "<group>";
		};
/* End PBXVariantGroup section */

/* Begin XCBuildConfiguration section */
		184DDCC3214CF6B10037E3DA /* Debug */ = {
			isa = XCBuildConfiguration;
			buildSettings = {
				ALWAYS_SEARCH_USER_PATHS = NO;
				CLANG_ANALYZER_NONNULL = YES;
				CLANG_ANALYZER_NUMBER_OBJECT_CONVERSION = YES_AGGRESSIVE;
				CLANG_CXX_LANGUAGE_STANDARD = "gnu++14";
				CLANG_CXX_LIBRARY = "libc++";
				CLANG_ENABLE_MODULES = YES;
				CLANG_ENABLE_OBJC_ARC = YES;
				CLANG_ENABLE_OBJC_WEAK = YES;
				CLANG_WARN_BLOCK_CAPTURE_AUTORELEASING = YES;
				CLANG_WARN_BOOL_CONVERSION = YES;
				CLANG_WARN_COMMA = YES;
				CLANG_WARN_CONSTANT_CONVERSION = YES;
				CLANG_WARN_DEPRECATED_OBJC_IMPLEMENTATIONS = YES;
				CLANG_WARN_DIRECT_OBJC_ISA_USAGE = YES_ERROR;
				CLANG_WARN_DOCUMENTATION_COMMENTS = YES;
				CLANG_WARN_EMPTY_BODY = YES;
				CLANG_WARN_ENUM_CONVERSION = YES;
				CLANG_WARN_INFINITE_RECURSION = YES;
				CLANG_WARN_INT_CONVERSION = YES;
				CLANG_WARN_NON_LITERAL_NULL_CONVERSION = YES;
				CLANG_WARN_OBJC_IMPLICIT_RETAIN_SELF = YES;
				CLANG_WARN_OBJC_LITERAL_CONVERSION = YES;
				CLANG_WARN_OBJC_ROOT_CLASS = YES_ERROR;
				CLANG_WARN_RANGE_LOOP_ANALYSIS = YES;
				CLANG_WARN_STRICT_PROTOTYPES = YES;
				CLANG_WARN_SUSPICIOUS_MOVE = YES;
				CLANG_WARN_UNGUARDED_AVAILABILITY = YES_AGGRESSIVE;
				CLANG_WARN_UNREACHABLE_CODE = YES;
				CLANG_WARN__DUPLICATE_METHOD_MATCH = YES;
				CODE_SIGN_IDENTITY = "iPhone Developer";
				COPY_PHASE_STRIP = NO;
				DEBUG_INFORMATION_FORMAT = dwarf;
				ENABLE_STRICT_OBJC_MSGSEND = YES;
				ENABLE_TESTABILITY = YES;
				GCC_C_LANGUAGE_STANDARD = gnu11;
				GCC_DYNAMIC_NO_PIC = NO;
				GCC_NO_COMMON_BLOCKS = YES;
				GCC_OPTIMIZATION_LEVEL = 0;
				GCC_PREPROCESSOR_DEFINITIONS = (
					"DEBUG=1",
					"$(inherited)",
				);
				GCC_WARN_64_TO_32_BIT_CONVERSION = YES;
				GCC_WARN_ABOUT_RETURN_TYPE = YES_ERROR;
				GCC_WARN_UNDECLARED_SELECTOR = YES;
				GCC_WARN_UNINITIALIZED_AUTOS = YES_AGGRESSIVE;
				GCC_WARN_UNUSED_FUNCTION = YES;
				GCC_WARN_UNUSED_VARIABLE = YES;
				IPHONEOS_DEPLOYMENT_TARGET = 11.4;
				MTL_ENABLE_DEBUG_INFO = YES;
				ONLY_ACTIVE_ARCH = YES;
				SDKROOT = iphoneos;
				SWIFT_ACTIVE_COMPILATION_CONDITIONS = DEBUG;
				SWIFT_OPTIMIZATION_LEVEL = "-Onone";
			};
			name = Debug;
		};
		184DDCC4214CF6B10037E3DA /* Release */ = {
			isa = XCBuildConfiguration;
			buildSettings = {
				ALWAYS_SEARCH_USER_PATHS = NO;
				CLANG_ANALYZER_NONNULL = YES;
				CLANG_ANALYZER_NUMBER_OBJECT_CONVERSION = YES_AGGRESSIVE;
				CLANG_CXX_LANGUAGE_STANDARD = "gnu++14";
				CLANG_CXX_LIBRARY = "libc++";
				CLANG_ENABLE_MODULES = YES;
				CLANG_ENABLE_OBJC_ARC = YES;
				CLANG_ENABLE_OBJC_WEAK = YES;
				CLANG_WARN_BLOCK_CAPTURE_AUTORELEASING = YES;
				CLANG_WARN_BOOL_CONVERSION = YES;
				CLANG_WARN_COMMA = YES;
				CLANG_WARN_CONSTANT_CONVERSION = YES;
				CLANG_WARN_DEPRECATED_OBJC_IMPLEMENTATIONS = YES;
				CLANG_WARN_DIRECT_OBJC_ISA_USAGE = YES_ERROR;
				CLANG_WARN_DOCUMENTATION_COMMENTS = YES;
				CLANG_WARN_EMPTY_BODY = YES;
				CLANG_WARN_ENUM_CONVERSION = YES;
				CLANG_WARN_INFINITE_RECURSION = YES;
				CLANG_WARN_INT_CONVERSION = YES;
				CLANG_WARN_NON_LITERAL_NULL_CONVERSION = YES;
				CLANG_WARN_OBJC_IMPLICIT_RETAIN_SELF = YES;
				CLANG_WARN_OBJC_LITERAL_CONVERSION = YES;
				CLANG_WARN_OBJC_ROOT_CLASS = YES_ERROR;
				CLANG_WARN_RANGE_LOOP_ANALYSIS = YES;
				CLANG_WARN_STRICT_PROTOTYPES = YES;
				CLANG_WARN_SUSPICIOUS_MOVE = YES;
				CLANG_WARN_UNGUARDED_AVAILABILITY = YES_AGGRESSIVE;
				CLANG_WARN_UNREACHABLE_CODE = YES;
				CLANG_WARN__DUPLICATE_METHOD_MATCH = YES;
				CODE_SIGN_IDENTITY = "iPhone Developer";
				COPY_PHASE_STRIP = NO;
				DEBUG_INFORMATION_FORMAT = "dwarf-with-dsym";
				ENABLE_NS_ASSERTIONS = NO;
				ENABLE_STRICT_OBJC_MSGSEND = YES;
				GCC_C_LANGUAGE_STANDARD = gnu11;
				GCC_NO_COMMON_BLOCKS = YES;
				GCC_WARN_64_TO_32_BIT_CONVERSION = YES;
				GCC_WARN_ABOUT_RETURN_TYPE = YES_ERROR;
				GCC_WARN_UNDECLARED_SELECTOR = YES;
				GCC_WARN_UNINITIALIZED_AUTOS = YES_AGGRESSIVE;
				GCC_WARN_UNUSED_FUNCTION = YES;
				GCC_WARN_UNUSED_VARIABLE = YES;
				IPHONEOS_DEPLOYMENT_TARGET = 11.4;
				MTL_ENABLE_DEBUG_INFO = NO;
				SDKROOT = iphoneos;
				SWIFT_COMPILATION_MODE = wholemodule;
				SWIFT_OPTIMIZATION_LEVEL = "-O";
				VALIDATE_PRODUCT = YES;
			};
			name = Release;
		};
		184DDCC6214CF6B10037E3DA /* Debug */ = {
			isa = XCBuildConfiguration;
			baseConfigurationReference = 430D4C49B85224898121DA4B /* Pods-UploadImage.debug.xcconfig */;
			buildSettings = {
				ASSETCATALOG_COMPILER_APPICON_NAME = AppIcon;
				CODE_SIGN_STYLE = Automatic;
				DEVELOPMENT_TEAM = PJH7BE9B39;
				INFOPLIST_FILE = UploadImage/Info.plist;
				LD_RUNPATH_SEARCH_PATHS = (
					"$(inherited)",
					"@executable_path/Frameworks",
				);
				PRODUCT_BUNDLE_IDENTIFIER = com.BigZero.UploadImage;
				PRODUCT_NAME = "$(TARGET_NAME)";
				SWIFT_VERSION = 4.2;
				TARGETED_DEVICE_FAMILY = "1,2";
			};
			name = Debug;
		};
		184DDCC7214CF6B10037E3DA /* Release */ = {
			isa = XCBuildConfiguration;
			baseConfigurationReference = 499680905FB26777E403D5AC /* Pods-UploadImage.release.xcconfig */;
			buildSettings = {
				ASSETCATALOG_COMPILER_APPICON_NAME = AppIcon;
				CODE_SIGN_STYLE = Automatic;
				DEVELOPMENT_TEAM = PJH7BE9B39;
				INFOPLIST_FILE = UploadImage/Info.plist;
				LD_RUNPATH_SEARCH_PATHS = (
					"$(inherited)",
					"@executable_path/Frameworks",
				);
				PRODUCT_BUNDLE_IDENTIFIER = com.BigZero.UploadImage;
				PRODUCT_NAME = "$(TARGET_NAME)";
				SWIFT_VERSION = 4.2;
				TARGETED_DEVICE_FAMILY = "1,2";
			};
			name = Release;
		};
/* End XCBuildConfiguration section */

/* Begin XCConfigurationList section */
		184DDCAE214CF6B00037E3DA /* Build configuration list for PBXProject "UploadImage" */ = {
			isa = XCConfigurationList;
			buildConfigurations = (
				184DDCC3214CF6B10037E3DA /* Debug */,
				184DDCC4214CF6B10037E3DA /* Release */,
			);
			defaultConfigurationIsVisible = 0;
			defaultConfigurationName = Release;
		};
		184DDCC5214CF6B10037E3DA /* Build configuration list for PBXNativeTarget "UploadImage" */ = {
			isa = XCConfigurationList;
			buildConfigurations = (
				184DDCC6214CF6B10037E3DA /* Debug */,
				184DDCC7214CF6B10037E3DA /* Release */,
			);
			defaultConfigurationIsVisible = 0;
			defaultConfigurationName = Release;
		};
/* End XCConfigurationList section */
	};
	rootObject = 184DDCAB214CF6B00037E3DA /* Project object */;
}
